{
  "version": 4,
  "terraform_version": "1.14.8",
  "serial": 3,
  "lineage": "e3e9c72c-7748-b4eb-d0a0-0e96bd94414f",
  "outputs": {},
  "resources": [
    {
      "mode": "managed",
      "type": "google_container_cluster",
      "name": "primary",
      "provider": "provider[\"registry.terraform.io/hashicorp/google\"]",
      "instances": [
        {
          "schema_version": 1,
          "attributes": {
            "addons_config": [
              {
                "cloudrun_config": [],
                "config_connector_config": [],
                "dns_cache_config": [
                  {
                    "enabled": true
                  }
                ],
                "gce_persistent_disk_csi_driver_config": [
                  {
                    "enabled": true
                  }
                ],
                "gcp_filestore_csi_driver_config": [],
                "gcs_fuse_csi_driver_config": [],
                "gke_backup_agent_config": [],
                "horizontal_pod_autoscaling": [],
                "http_load_balancing": [],
                "network_policy_config": [
                  {
                    "disabled": true
                  }
                ]
              }
            ],
            "allow_net_admin": null,
            "authenticator_groups_config": [],
            "binary_authorization": [
              {
                "enabled": false,
                "evaluation_mode": ""
              }
            ],
            "cluster_autoscaling": [
              {
                "auto_provisioning_defaults": [],
                "enabled": false,
                "resource_limits": []
              }
            ],
            "cluster_ipv4_cidr": "10.24.0.0/14",
            "confidential_nodes": [],
            "cost_management_config": [],
            "database_encryption": [
              {
                "key_name": "",
                "state": "DECRYPTED"
              }
            ],
            "datapath_provider": "",
            "default_max_pods_per_node": null,
            "default_snat_status": [
              {
                "disabled": false
              }
            ],
            "description": "",
            "dns_config": [],
            "enable_autopilot": false,
            "enable_binary_authorization": false,
            "enable_intranode_visibility": false,
            "enable_k8s_beta_apis": [],
            "enable_kubernetes_alpha": false,
            "enable_l4_ilb_subsetting": false,
            "enable_legacy_abac": false,
            "enable_shielded_nodes": true,
            "enable_tpu": false,
            "endpoint": "34.47.167.190",
            "gateway_api_config": [],
            "id": "projects/mern-gitops-project/locations/asia-south1-a/clusters/mern-cluster",
            "initial_node_count": 1,
            "ip_allocation_policy": [],
            "label_fingerprint": "a9dc16a7",
            "location": "asia-south1-a",
            "logging_config": [
              {
                "enable_components": [
                  "SYSTEM_COMPONENTS",
                  "WORKLOADS"
                ]
              }
            ],
            "logging_service": "logging.googleapis.com/kubernetes",
            "maintenance_policy": [],
            "master_auth": [
              {
                "client_certificate": "",
                "client_certificate_config": [
                  {
                    "issue_client_certificate": false
                  }
                ],
                "client_key": "",
                "cluster_ca_certificate": "LS0tLS1CRUdJTiBDRVJUSUZJQ0FURS0tLS0tCk1JSUVMVENDQXBXZ0F3SUJBZ0lSQUtTYkwvTW9jQWdQLzNSTVh5ajBhcEl3RFFZSktvWklodmNOQVFFTEJRQXcKTHpFdE1Dc0dBMVVFQXhNa016bGhPR1EwWm1RdE9XTmlNeTAwTkRrNExXSXpOV1F0TVRjeE1UWmlaVFpoTURNeApNQ0FYRFRJMk1EWXdNekE1TXpreE1Wb1lEekl3TlRZd05USTJNVEF6T1RFeFdqQXZNUzB3S3dZRFZRUURFeVF6Ck9XRTRaRFJtWkMwNVkySXpMVFEwT1RndFlqTTFaQzB4TnpFeE5tSmxObUV3TXpFd2dnR2lNQTBHQ1NxR1NJYjMKRFFFQkFRVUFBNElCandBd2dnR0tBb0lCZ1FEU1lIRnUzSGhKbzViS29tVFZzWEF1WWEyQnhTaXZDZmdadVVBcQppVXh4eUpTMjZOSmtIcDJxcS80NkxHMnZhTHIxaGl1NmRmalpQOEMvUzJWdUtqL2VIQVVrSTBORjZadUhPd3ZTCkRWWkNHRVpkNHhZMS9Zb0ZlSEkwQ0QyNUV4VWVoZG9Cb2ZIeUpkd3RqN2JURFFZLytmZ1hXR0tCOWsrZUhxUlkKdGNYaGUyV0M0bjZLSGRhOUE4alJVTHNudHdaRzcyeE1sUnVNSDI2ZjdBYTR6M1A3Nit5cUcyMnFoM1JiZmViLwpkRTFUbTNoVGZBeEZXVHhMRkxUZWRVT0tyOUFZZzZJOU8zWmhjRElEYmh2ZGlCQitMbXBhRlRJRkxvQTE1cmFxCk1WcDNOU1F4aXFScjQwMHZYT0RBVFV0bFo1d3gwSGJmdFBpSjRTb2ZKbkRHemxBVzV6WFNHZnlJVE0zU2w5R2cKSkZpMHRYdUhFQ2ZuUjd1dmp5cTQ4WXUrT2hVQnZVNkhyQys1a25ZOUt5V1BteUtURXcySU1lM0hoOTNrZWUzagpMUE00MzgzM2pMNXZqMFAxRDlmTllGYzNOLytJbmQ1TXBYd2pCbFd3TUpneit6QkFOdlJOKzlodVZmcTdlOTc3CmRRN0Fzd21sWklYdUkzKzUxelFtcEx3TnltRUNBd0VBQWFOQ01FQXdEZ1lEVlIwUEFRSC9CQVFEQWdJRU1BOEcKQTFVZEV3RUIvd1FGTUFNQkFmOHdIUVlEVlIwT0JCWUVGR3Z6QmZUenFuSjIxK2ZackNEUFZPQVkvRldNTUEwRwpDU3FHU0liM0RRRUJDd1VBQTRJQmdRRE51Yit6MngxYktpczBPcXEwWTljcG5pdEdJNFJ2RCtERVlDK09KWkJJClRGY0I5emQrZ25UM0hBS0JvN0dUWE8wbDFudFZua2ZhTXYrVFYrMzZhWWZHWjd0eVFhSEhDZEMybHVndG43Ly8KemZna3JlNkt2REgzS2JRNEFUWHR3Q3FHUkdpKzd1Qzh0N0JLSHlZSGJuZlk3bW5xUmdOaCtBZS9NQUVPQ0dhMQpDSk1CekJhaHAxZkJiN1pMLzNLQkd1S3pGdSt5ajZGMWRqWFBIZjg1ajJrUFN4QWM1dStuTzFYRHdlOWlQOTc1ClBGNUtTNk43QUM0NXhZcDBRU2NycFE2Q3NlbC9ISlZOUjJUK0hpTnFZTStZZEVCVk9Lcmh1eUlWOUJCSW5WQ20KOHhjZDRla05LcUNLNzFqSlhNWVFwTTZBWFFxaFU2TXB2Mk1JaGtKMjdnUEZ6T2dIZ3MzcTB3RnFPZkdWZk1FdQpsbTVCS0JDOHc4QlFzTkhhc2JhU0dlakMwVFAwK3RWQzFqTVl2V1gxWVJzK2lmQnJWUVY4N3p3dXBVMU5wQjA3CkRHQUZSN2krSkMvTWRZak95U1F1bGZmZXMwRlg0TExuazdDYUl4dkNZYzBVYWo5ZTc2SVNJNldQY24vZCsxN2sKMUdCeUhnUnpYVzFoeWhFWEl0cTNyT1U9Ci0tLS0tRU5EIENFUlRJRklDQVRFLS0tLS0K"
              }
            ],
            "master_authorized_networks_config": [],
            "master_version": "1.35.3-gke.1389002",
            "mesh_certificates": [],
            "min_master_version": null,
            "monitoring_config": [
              {
                "advanced_datapath_observability_config": [
                  {
                    "enable_metrics": false,
                    "relay_mode": ""
                  }
                ],
                "enable_components": [
                  "SYSTEM_COMPONENTS",
                  "STORAGE",
                  "HPA",
                  "POD",
                  "DAEMONSET",
                  "DEPLOYMENT",
                  "STATEFULSET",
                  "CADVISOR",
                  "KUBELET",
                  "DCGM",
                  "JOBSET"
                ],
                "managed_prometheus": [
                  {
                    "enabled": true
                  }
                ]
              }
            ],
            "monitoring_service": "monitoring.googleapis.com/kubernetes",
            "name": "mern-cluster",
            "network": "projects/mern-gitops-project/global/networks/default",
            "network_policy": [
              {
                "enabled": false,
                "provider": "PROVIDER_UNSPECIFIED"
              }
            ],
            "networking_mode": "ROUTES",
            "node_config": [],
            "node_locations": [],
            "node_pool": [],
            "node_pool_auto_config": [
              {
                "network_tags": null
              }
            ],
            "node_pool_defaults": [
              {
                "node_config_defaults": [
                  {
                    "logging_variant": "DEFAULT"
                  }
                ]
              }
            ],
            "node_version": "1.35.3-gke.1389002",
            "notification_config": [
              {
                "pubsub": [
                  {
                    "enabled": false,
                    "filter": [],
                    "topic": ""
                  }
                ]
              }
            ],
            "operation": null,
            "private_cluster_config": [
              {
                "enable_private_endpoint": false,
                "enable_private_nodes": false,
                "master_global_access_config": [
                  {
                    "enabled": false
                  }
                ],
                "master_ipv4_cidr_block": "",
                "peering_name": "",
                "private_endpoint": "10.160.0.2",
                "private_endpoint_subnetwork": "",
                "public_endpoint": "34.47.167.190"
              }
            ],
            "private_ipv6_google_access": "",
            "project": "mern-gitops-project",
            "release_channel": [
              {
                "channel": "REGULAR"
              }
            ],
            "remove_default_node_pool": true,
            "resource_labels": null,
            "resource_usage_export_config": [],
            "security_posture_config": [
              {
                "mode": "BASIC",
                "vulnerability_mode": "VULNERABILITY_MODE_UNSPECIFIED"
              }
            ],
            "self_link": "https://container.googleapis.com/v1/projects/mern-gitops-project/zones/asia-south1-a/clusters/mern-cluster",
            "service_external_ips_config": [
              {
                "enabled": false
              }
            ],
            "services_ipv4_cidr": "10.27.240.0/20",
            "subnetwork": "projects/mern-gitops-project/regions/asia-south1/subnetworks/default",
            "timeouts": null,
            "tpu_ipv4_cidr_block": "",
            "vertical_pod_autoscaling": [],
            "workload_identity_config": []
          },
          "sensitive_attributes": [
            [
              {
                "type": "get_attr",
                "value": "master_auth"
              },
              {
                "type": "index",
                "value": {
                  "value": 0,
                  "type": "number"
                }
              },
              {
                "type": "get_attr",
                "value": "client_key"
              }
            ]
          ],
          "identity_schema_version": 0,
          "private": "eyJlMmJmYjczMC1lY2FhLTExZTYtOGY4OC0zNDM2M2JjN2M0YzAiOnsiY3JlYXRlIjoyNDAwMDAwMDAwMDAwLCJkZWxldGUiOjI0MDAwMDAwMDAwMDAsInJlYWQiOjI0MDAwMDAwMDAwMDAsInVwZGF0ZSI6MzYwMDAwMDAwMDAwMH0sInNjaGVtYV92ZXJzaW9uIjoiMSJ9"
        }
      ]
    },
    {
      "mode": "managed",
      "type": "google_container_node_pool",
      "name": "primary_nodes",
      "provider": "provider[\"registry.terraform.io/hashicorp/google\"]",
      "instances": [
        {
          "schema_version": 1,
          "attributes": {
            "autoscaling": [],
            "cluster": "mern-cluster",
            "id": "projects/mern-gitops-project/locations/asia-south1-a/clusters/mern-cluster/nodePools/mern-node-pool",
            "initial_node_count": 2,
            "instance_group_urls": [
              "https://www.googleapis.com/compute/v1/projects/mern-gitops-project/zones/asia-south1-a/instanceGroupManagers/gke-mern-cluster-mern-node-pool-dd782a04-grp"
            ],
            "location": "asia-south1-a",
            "managed_instance_group_urls": [
              "https://www.googleapis.com/compute/v1/projects/mern-gitops-project/zones/asia-south1-a/instanceGroups/gke-mern-cluster-mern-node-pool-dd782a04-grp"
            ],
            "management": [
              {
                "auto_repair": true,
                "auto_upgrade": true
              }
            ],
            "max_pods_per_node": null,
            "name": "mern-node-pool",
            "name_prefix": "",
            "network_config": [],
            "node_config": [
              {
                "advanced_machine_features": [],
                "boot_disk_kms_key": "",
                "confidential_nodes": [],
                "disk_size_gb": 20,
                "disk_type": "pd-balanced",
                "ephemeral_storage_local_ssd_config": [],
                "fast_socket": [],
                "gcfs_config": [],
                "guest_accelerator": [],
                "gvnic": [],
                "host_maintenance_policy": [],
                "image_type": "COS_CONTAINERD",
                "kubelet_config": [
                  {
                    "cpu_cfs_quota": false,
                    "cpu_cfs_quota_period": "",
                    "cpu_manager_policy": "",
                    "pod_pids_limit": 0
                  }
                ],
                "labels": {},
                "linux_node_config": [],
                "local_nvme_ssd_block_config": [],
                "local_ssd_count": 0,
                "logging_variant": "DEFAULT",
                "machine_type": "e2-medium",
                "metadata": {
                  "disable-legacy-endpoints": "true"
                },
                "min_cpu_platform": "",
                "node_group": "",
                "oauth_scopes": [
                  "https://www.googleapis.com/auth/cloud-platform"
                ],
                "preemptible": false,
                "reservation_affinity": [],
                "resource_labels": {
                  "goog-gke-node-pool-provisioning-model": "on-demand"
                },
                "service_account": "default",
                "shielded_instance_config": [
                  {
                    "enable_integrity_monitoring": true,
                    "enable_secure_boot": false
                  }
                ],
                "sole_tenant_config": [],
                "spot": false,
                "tags": null,
                "taint": [],
                "workload_metadata_config": []
              }
            ],
            "node_count": 2,
            "node_locations": [
              "asia-south1-a"
            ],
            "operation": null,
            "placement_policy": [],
            "project": "mern-gitops-project",
            "timeouts": null,
            "upgrade_settings": [
              {
                "blue_green_settings": [],
                "max_surge": 1,
                "max_unavailable": 0,
                "strategy": "SURGE"
              }
            ],
            "version": "1.35.3-gke.1389002"
          },
          "sensitive_attributes": [],
          "identity_schema_version": 0,
          "private": "eyJlMmJmYjczMC1lY2FhLTExZTYtOGY4OC0zNDM2M2JjN2M0YzAiOnsiY3JlYXRlIjoxODAwMDAwMDAwMDAwLCJkZWxldGUiOjE4MDAwMDAwMDAwMDAsInVwZGF0ZSI6MTgwMDAwMDAwMDAwMH0sInNjaGVtYV92ZXJzaW9uIjoiMSJ9",
          "dependencies": [
            "google_container_cluster.primary"
          ]
        }
      ]
    }
  ],
  "check_results": null
}
